// !$*UTF8*$!
{
	archiveVersion = 1;
	classes = {
	};
	objectVersion = 46;
	objects = {

/* Begin PBXBuildFile section */
		3C55ADA71AD7883500029A09 /* CreateViewController.swift in Sources */ = {isa = PBXBuildFile; fileRef = 3C55ADA61AD7883500029A09 /* CreateViewController.swift */; };
		3C55ADBD1AD8C2CA00029A09 /* CVCalendarContentDelegate.swift in Sources */ = {isa = PBXBuildFile; fileRef = 3C55ADA91AD8C2CA00029A09 /* CVCalendarContentDelegate.swift */; };
		3C55ADBE1AD8C2CA00029A09 /* CVCalendarContentViewController.swift in Sources */ = {isa = PBXBuildFile; fileRef = 3C55ADAA1AD8C2CA00029A09 /* CVCalendarContentViewController.swift */; };
		3C55ADBF1AD8C2CA00029A09 /* CVCalendarDayView.swift in Sources */ = {isa = PBXBuildFile; fileRef = 3C55ADAB1AD8C2CA00029A09 /* CVCalendarDayView.swift */; };
		3C55ADC01AD8C2CA00029A09 /* CVCalendarDayViewControlCoordinator.swift in Sources */ = {isa = PBXBuildFile; fileRef = 3C55ADAC1AD8C2CA00029A09 /* CVCalendarDayViewControlCoordinator.swift */; };
		3C55ADC11AD8C2CA00029A09 /* CVCalendarManager.swift in Sources */ = {isa = PBXBuildFile; fileRef = 3C55ADAD1AD8C2CA00029A09 /* CVCalendarManager.swift */; };
		3C55ADC21AD8C2CA00029A09 /* CVCalendarMenuView.swift in Sources */ = {isa = PBXBuildFile; fileRef = 3C55ADAE1AD8C2CA00029A09 /* CVCalendarMenuView.swift */; };
		3C55ADC31AD8C2CA00029A09 /* CVCalendarMonthContentView.swift in Sources */ = {isa = PBXBuildFile; fileRef = 3C55ADAF1AD8C2CA00029A09 /* CVCalendarMonthContentView.swift */; };
		3C55ADC41AD8C2CA00029A09 /* CVCalendarMonthView.swift in Sources */ = {isa = PBXBuildFile; fileRef = 3C55ADB01AD8C2CA00029A09 /* CVCalendarMonthView.swift */; };
		3C55ADC51AD8C2CA00029A09 /* CVCalendarRenderer.swift in Sources */ = {isa = PBXBuildFile; fileRef = 3C55ADB11AD8C2CA00029A09 /* CVCalendarRenderer.swift */; };
		3C55ADC61AD8C2CA00029A09 /* CVCalendarView.swift in Sources */ = {isa = PBXBuildFile; fileRef = 3C55ADB21AD8C2CA00029A09 /* CVCalendarView.swift */; };
		3C55ADC71AD8C2CA00029A09 /* CVCalendarViewAnimator.swift in Sources */ = {isa = PBXBuildFile; fileRef = 3C55ADB31AD8C2CA00029A09 /* CVCalendarViewAnimator.swift */; };
		3C55ADC81AD8C2CA00029A09 /* CVCalendarViewAnimatorDelegate.swift in Sources */ = {isa = PBXBuildFile; fileRef = 3C55ADB41AD8C2CA00029A09 /* CVCalendarViewAnimatorDelegate.swift */; };
		3C55ADC91AD8C2CA00029A09 /* CVCalendarViewAppearance.swift in Sources */ = {isa = PBXBuildFile; fileRef = 3C55ADB51AD8C2CA00029A09 /* CVCalendarViewAppearance.swift */; };
		3C55ADCA1AD8C2CA00029A09 /* CVCalendarViewAppearanceDelegate.swift in Sources */ = {isa = PBXBuildFile; fileRef = 3C55ADB61AD8C2CA00029A09 /* CVCalendarViewAppearanceDelegate.swift */; };
		3C55ADCB1AD8C2CA00029A09 /* CVCalendarViewDelegate.swift in Sources */ = {isa = PBXBuildFile; fileRef = 3C55ADB71AD8C2CA00029A09 /* CVCalendarViewDelegate.swift */; };
		3C55ADCC1AD8C2CA00029A09 /* CVCalendarWeekContentRecovery.swift in Sources */ = {isa = PBXBuildFile; fileRef = 3C55ADB81AD8C2CA00029A09 /* CVCalendarWeekContentRecovery.swift */; };
		3C55ADCD1AD8C2CA00029A09 /* CVCalendarWeekContentView.swift in Sources */ = {isa = PBXBuildFile; fileRef = 3C55ADB91AD8C2CA00029A09 /* CVCalendarWeekContentView.swift */; };
		3C55ADCE1AD8C2CA00029A09 /* CVCalendarWeekView.swift in Sources */ = {isa = PBXBuildFile; fileRef = 3C55ADBA1AD8C2CA00029A09 /* CVCalendarWeekView.swift */; };
		3C55ADCF1AD8C2CA00029A09 /* CVCircleView.swift in Sources */ = {isa = PBXBuildFile; fileRef = 3C55ADBB1AD8C2CA00029A09 /* CVCircleView.swift */; };
		3C55ADD01AD8C2CA00029A09 /* CVDate.swift in Sources */ = {isa = PBXBuildFile; fileRef = 3C55ADBC1AD8C2CA00029A09 /* CVDate.swift */; };
		3C55ADD21AD8C84200029A09 /* StartDateViewController.swift in Sources */ = {isa = PBXBuildFile; fileRef = 3C55ADD11AD8C84200029A09 /* StartDateViewController.swift */; };
		3CC059DE1ACC70E400168941 /* AppDelegate.swift in Sources */ = {isa = PBXBuildFile; fileRef = 3CC059DD1ACC70E400168941 /* AppDelegate.swift */; };
		3CC059E01ACC70E400168941 /* FirstViewController.swift in Sources */ = {isa = PBXBuildFile; fileRef = 3CC059DF1ACC70E400168941 /* FirstViewController.swift */; };
		3CC059E21ACC70E400168941 /* SecondViewController.swift in Sources */ = {isa = PBXBuildFile; fileRef = 3CC059E11ACC70E400168941 /* SecondViewController.swift */; };
		3CC059E51ACC70E400168941 /* Main.storyboard in Resources */ = {isa = PBXBuildFile; fileRef = 3CC059E31ACC70E400168941 /* Main.storyboard */; };
		3CC059E71ACC70E400168941 /* Images.xcassets in Resources */ = {isa = PBXBuildFile; fileRef = 3CC059E61ACC70E400168941 /* Images.xcassets */; };
		3CC059EA1ACC70E400168941 /* LaunchScreen.xib in Resources */ = {isa = PBXBuildFile; fileRef = 3CC059E81ACC70E400168941 /* LaunchScreen.xib */; };
		3CC059F61ACC70E400168941 /* FriiTests.swift in Sources */ = {isa = PBXBuildFile; fileRef = 3CC059F51ACC70E400168941 /* FriiTests.swift */; };
		3CC05A001ACCAE2800168941 /* Bolts.framework in Frameworks */ = {isa = PBXBuildFile; fileRef = 3CC059FF1ACCAE2800168941 /* Bolts.framework */; };
		3CC05A031ACCAE4A00168941 /* Parse.framework in Frameworks */ = {isa = PBXBuildFile; fileRef = 3CC05A021ACCAE4A00168941 /* Parse.framework */; };
		3CC05A051ACCAE7400168941 /* AudioToolbox.framework in Frameworks */ = {isa = PBXBuildFile; fileRef = 3CC05A041ACCAE7400168941 /* AudioToolbox.framework */; };
		3CC05A071ACCAE7E00168941 /* CFNetwork.framework in Frameworks */ = {isa = PBXBuildFile; fileRef = 3CC05A061ACCAE7E00168941 /* CFNetwork.framework */; };
		3CC05A091ACCAE8600168941 /* CoreGraphics.framework in Frameworks */ = {isa = PBXBuildFile; fileRef = 3CC05A081ACCAE8600168941 /* CoreGraphics.framework */; };
		3CC05A0B1ACCAE8D00168941 /* CoreLocation.framework in Frameworks */ = {isa = PBXBuildFile; fileRef = 3CC05A0A1ACCAE8D00168941 /* CoreLocation.framework */; };
		3CC05A0D1ACCAE9C00168941 /* MobileCoreServices.framework in Frameworks */ = {isa = PBXBuildFile; fileRef = 3CC05A0C1ACCAE9C00168941 /* MobileCoreServices.framework */; };
		3CC05A0F1ACCAEA800168941 /* QuartzCore.framework in Frameworks */ = {isa = PBXBuildFile; fileRef = 3CC05A0E1ACCAEA800168941 /* QuartzCore.framework */; };
		3CC05A111ACCAEB500168941 /* Security.framework in Frameworks */ = {isa = PBXBuildFile; fileRef = 3CC05A101ACCAEB500168941 /* Security.framework */; };
		3CC05A131ACCAEBE00168941 /* StoreKit.framework in Frameworks */ = {isa = PBXBuildFile; fileRef = 3CC05A121ACCAEBE00168941 /* StoreKit.framework */; };
		3CC05A151ACCAEC500168941 /* SystemConfiguration.framework in Frameworks */ = {isa = PBXBuildFile; fileRef = 3CC05A141ACCAEC500168941 /* SystemConfiguration.framework */; };
		3CC05A171ACCAECC00168941 /* libz.dylib in Frameworks */ = {isa = PBXBuildFile; fileRef = 3CC05A161ACCAECC00168941 /* libz.dylib */; };
		3CC05A191ACCAEE400168941 /* libsqlite3.dylib in Frameworks */ = {isa = PBXBuildFile; fileRef = 3CC05A181ACCAEE400168941 /* libsqlite3.dylib */; };
		3CC05A1B1ACCB13300168941 /* ParseCrashReporting.framework in Frameworks */ = {isa = PBXBuildFile; fileRef = 3CC05A1A1ACCB13300168941 /* ParseCrashReporting.framework */; };
		3CC05A1D1ACCB13B00168941 /* ParseUI.framework in Frameworks */ = {isa = PBXBuildFile; fileRef = 3CC05A1C1ACCB13B00168941 /* ParseUI.framework */; };
		3CC05A201ACCB58800168941 /* ParseFacebookUtilsV4.framework in Frameworks */ = {isa = PBXBuildFile; fileRef = 3CC05A1F1ACCB58800168941 /* ParseFacebookUtilsV4.framework */; };
		3CC05A221ACCB5A100168941 /* ParseFacebookUtils.framework in Frameworks */ = {isa = PBXBuildFile; fileRef = 3CC05A211ACCB5A100168941 /* ParseFacebookUtils.framework */; };
/* End PBXBuildFile section */

/* Begin PBXContainerItemProxy section */
		3CC059F01ACC70E400168941 /* PBXContainerItemProxy */ = {
			isa = PBXContainerItemProxy;
			containerPortal = 3CC059D01ACC70E300168941 /* Project object */;
			proxyType = 1;
			remoteGlobalIDString = 3CC059D71ACC70E400168941;
			remoteInfo = Frii;
		};
/* End PBXContainerItemProxy section */

/* Begin PBXFileReference section */
		3C55ADA61AD7883500029A09 /* CreateViewController.swift */ = {isa = PBXFileReference; fileEncoding = 4; lastKnownFileType = sourcecode.swift; path = CreateViewController.swift; sourceTree = "<group>"; };
		3C55ADA91AD8C2CA00029A09 /* CVCalendarContentDelegate.swift */ = {isa = PBXFileReference; fileEncoding = 4; lastKnownFileType = sourcecode.swift; path = CVCalendarContentDelegate.swift; sourceTree = "<group>"; };
		3C55ADAA1AD8C2CA00029A09 /* CVCalendarContentViewController.swift */ = {isa = PBXFileReference; fileEncoding = 4; lastKnownFileType = sourcecode.swift; path = CVCalendarContentViewController.swift; sourceTree = "<group>"; };
		3C55ADAB1AD8C2CA00029A09 /* CVCalendarDayView.swift */ = {isa = PBXFileReference; fileEncoding = 4; lastKnownFileType = sourcecode.swift; path = CVCalendarDayView.swift; sourceTree = "<group>"; };
		3C55ADAC1AD8C2CA00029A09 /* CVCalendarDayViewControlCoordinator.swift */ = {isa = PBXFileReference; fileEncoding = 4; lastKnownFileType = sourcecode.swift; path = CVCalendarDayViewControlCoordinator.swift; sourceTree = "<group>"; };
		3C55ADAD1AD8C2CA00029A09 /* CVCalendarManager.swift */ = {isa = PBXFileReference; fileEncoding = 4; lastKnownFileType = sourcecode.swift; path = CVCalendarManager.swift; sourceTree = "<group>"; };
		3C55ADAE1AD8C2CA00029A09 /* CVCalendarMenuView.swift */ = {isa = PBXFileReference; fileEncoding = 4; lastKnownFileType = sourcecode.swift; path = CVCalendarMenuView.swift; sourceTree = "<group>"; };
		3C55ADAF1AD8C2CA00029A09 /* CVCalendarMonthContentView.swift */ = {isa = PBXFileReference; fileEncoding = 4; lastKnownFileType = sourcecode.swift; path = CVCalendarMonthContentView.swift; sourceTree = "<group>"; };
		3C55ADB01AD8C2CA00029A09 /* CVCalendarMonthView.swift */ = {isa = PBXFileReference; fileEncoding = 4; lastKnownFileType = sourcecode.swift; path = CVCalendarMonthView.swift; sourceTree = "<group>"; };
		3C55ADB11AD8C2CA00029A09 /* CVCalendarRenderer.swift */ = {isa = PBXFileReference; fileEncoding = 4; lastKnownFileType = sourcecode.swift; path = CVCalendarRenderer.swift; sourceTree = "<group>"; };
		3C55ADB21AD8C2CA00029A09 /* CVCalendarView.swift */ = {isa = PBXFileReference; fileEncoding = 4; lastKnownFileType = sourcecode.swift; path = CVCalendarView.swift; sourceTree = "<group>"; };
		3C55ADB31AD8C2CA00029A09 /* CVCalendarViewAnimator.swift */ = {isa = PBXFileReference; fileEncoding = 4; lastKnownFileType = sourcecode.swift; path = CVCalendarViewAnimator.swift; sourceTree = "<group>"; };
		3C55ADB41AD8C2CA00029A09 /* CVCalendarViewAnimatorDelegate.swift */ = {isa = PBXFileReference; fileEncoding = 4; lastKnownFileType = sourcecode.swift; path = CVCalendarViewAnimatorDelegate.swift; sourceTree = "<group>"; };
		3C55ADB51AD8C2CA00029A09 /* CVCalendarViewAppearance.swift */ = {isa = PBXFileReference; fileEncoding = 4; lastKnownFileType = sourcecode.swift; path = CVCalendarViewAppearance.swift; sourceTree = "<group>"; };
		3C55ADB61AD8C2CA00029A09 /* CVCalendarViewAppearanceDelegate.swift */ = {isa = PBXFileReference; fileEncoding = 4; lastKnownFileType = sourcecode.swift; path = CVCalendarViewAppearanceDelegate.swift; sourceTree = "<group>"; };
		3C55ADB71AD8C2CA00029A09 /* CVCalendarViewDelegate.swift */ = {isa = PBXFileReference; fileEncoding = 4; lastKnownFileType = sourcecode.swift; path = CVCalendarViewDelegate.swift; sourceTree = "<group>"; };
		3C55ADB81AD8C2CA00029A09 /* CVCalendarWeekContentRecovery.swift */ = {isa = PBXFileReference; fileEncoding = 4; lastKnownFileType = sourcecode.swift; path = CVCalendarWeekContentRecovery.swift; sourceTree = "<group>"; };
		3C55ADB91AD8C2CA00029A09 /* CVCalendarWeekContentView.swift */ = {isa = PBXFileReference; fileEncoding = 4; lastKnownFileType = sourcecode.swift; path = CVCalendarWeekContentView.swift; sourceTree = "<group>"; };
		3C55ADBA1AD8C2CA00029A09 /* CVCalendarWeekView.swift */ = {isa = PBXFileReference; fileEncoding = 4; lastKnownFileType = sourcecode.swift; path = CVCalendarWeekView.swift; sourceTree = "<group>"; };
		3C55ADBB1AD8C2CA00029A09 /* CVCircleView.swift */ = {isa = PBXFileReference; fileEncoding = 4; lastKnownFileType = sourcecode.swift; path = CVCircleView.swift; sourceTree = "<group>"; };
		3C55ADBC1AD8C2CA00029A09 /* CVDate.swift */ = {isa = PBXFileReference; fileEncoding = 4; lastKnownFileType = sourcecode.swift; path = CVDate.swift; sourceTree = "<group>"; };
		3C55ADD11AD8C84200029A09 /* StartDateViewController.swift */ = {isa = PBXFileReference; fileEncoding = 4; lastKnownFileType = sourcecode.swift; path = StartDateViewController.swift; sourceTree = "<group>"; };
		3CC059D81ACC70E400168941 /* Frii.app */ = {isa = PBXFileReference; explicitFileType = wrapper.application; includeInIndex = 0; path = Frii.app; sourceTree = BUILT_PRODUCTS_DIR; };
		3CC059DC1ACC70E400168941 /* Info.plist */ = {isa = PBXFileReference; lastKnownFileType = text.plist.xml; path = Info.plist; sourceTree = "<group>"; };
		3CC059DD1ACC70E400168941 /* AppDelegate.swift */ = {isa = PBXFileReference; lastKnownFileType = sourcecode.swift; path = AppDelegate.swift; sourceTree = "<group>"; };
		3CC059DF1ACC70E400168941 /* FirstViewController.swift */ = {isa = PBXFileReference; lastKnownFileType = sourcecode.swift; path = FirstViewController.swift; sourceTree = "<group>"; };
		3CC059E11ACC70E400168941 /* SecondViewController.swift */ = {isa = PBXFileReference; lastKnownFileType = sourcecode.swift; path = SecondViewController.swift; sourceTree = "<group>"; };
		3CC059E41ACC70E400168941 /* Base */ = {isa = PBXFileReference; lastKnownFileType = file.storyboard; name = Base; path = Base.lproj/Main.storyboard; sourceTree = "<group>"; };
		3CC059E61ACC70E400168941 /* Images.xcassets */ = {isa = PBXFileReference; lastKnownFileType = folder.assetcatalog; path = Images.xcassets; sourceTree = "<group>"; };
		3CC059E91ACC70E400168941 /* Base */ = {isa = PBXFileReference; lastKnownFileType = file.xib; name = Base; path = Base.lproj/LaunchScreen.xib; sourceTree = "<group>"; };
		3CC059EF1ACC70E400168941 /* FriiTests.xctest */ = {isa = PBXFileReference; explicitFileType = wrapper.cfbundle; includeInIndex = 0; path = FriiTests.xctest; sourceTree = BUILT_PRODUCTS_DIR; };
		3CC059F41ACC70E400168941 /* Info.plist */ = {isa = PBXFileReference; lastKnownFileType = text.plist.xml; path = Info.plist; sourceTree = "<group>"; };
		3CC059F51ACC70E400168941 /* FriiTests.swift */ = {isa = PBXFileReference; lastKnownFileType = sourcecode.swift; path = FriiTests.swift; sourceTree = "<group>"; };
		3CC059FF1ACCAE2800168941 /* Bolts.framework */ = {isa = PBXFileReference; lastKnownFileType = wrapper.framework; path = Bolts.framework; sourceTree = "<group>"; };
		3CC05A021ACCAE4A00168941 /* Parse.framework */ = {isa = PBXFileReference; lastKnownFileType = wrapper.framework; path = Parse.framework; sourceTree = "<group>"; };
		3CC05A041ACCAE7400168941 /* AudioToolbox.framework */ = {isa = PBXFileReference; lastKnownFileType = wrapper.framework; name = AudioToolbox.framework; path = System/Library/Frameworks/AudioToolbox.framework; sourceTree = SDKROOT; };
		3CC05A061ACCAE7E00168941 /* CFNetwork.framework */ = {isa = PBXFileReference; lastKnownFileType = wrapper.framework; name = CFNetwork.framework; path = System/Library/Frameworks/CFNetwork.framework; sourceTree = SDKROOT; };
		3CC05A081ACCAE8600168941 /* CoreGraphics.framework */ = {isa = PBXFileReference; lastKnownFileType = wrapper.framework; name = CoreGraphics.framework; path = System/Library/Frameworks/CoreGraphics.framework; sourceTree = SDKROOT; };
		3CC05A0A1ACCAE8D00168941 /* CoreLocation.framework */ = {isa = PBXFileReference; lastKnownFileType = wrapper.framework; name = CoreLocation.framework; path = System/Library/Frameworks/CoreLocation.framework; sourceTree = SDKROOT; };
		3CC05A0C1ACCAE9C00168941 /* MobileCoreServices.framework */ = {isa = PBXFileReference; lastKnownFileType = wrapper.framework; name = MobileCoreServices.framework; path = System/Library/Frameworks/MobileCoreServices.framework; sourceTree = SDKROOT; };
		3CC05A0E1ACCAEA800168941 /* QuartzCore.framework */ = {isa = PBXFileReference; lastKnownFileType = wrapper.framework; name = QuartzCore.framework; path = System/Library/Frameworks/QuartzCore.framework; sourceTree = SDKROOT; };
		3CC05A101ACCAEB500168941 /* Security.framework */ = {isa = PBXFileReference; lastKnownFileType = wrapper.framework; name = Security.framework; path = System/Library/Frameworks/Security.framework; sourceTree = SDKROOT; };
		3CC05A121ACCAEBE00168941 /* StoreKit.framework */ = {isa = PBXFileReference; lastKnownFileType = wrapper.framework; name = StoreKit.framework; path = System/Library/Frameworks/StoreKit.framework; sourceTree = SDKROOT; };
		3CC05A141ACCAEC500168941 /* SystemConfiguration.framework */ = {isa = PBXFileReference; lastKnownFileType = wrapper.framework; name = SystemConfiguration.framework; path = System/Library/Frameworks/SystemConfiguration.framework; sourceTree = SDKROOT; };
		3CC05A161ACCAECC00168941 /* libz.dylib */ = {isa = PBXFileReference; lastKnownFileType = "compiled.mach-o.dylib"; name = libz.dylib; path = usr/lib/libz.dylib; sourceTree = SDKROOT; };
		3CC05A181ACCAEE400168941 /* libsqlite3.dylib */ = {isa = PBXFileReference; lastKnownFileType = "compiled.mach-o.dylib"; name = libsqlite3.dylib; path = usr/lib/libsqlite3.dylib; sourceTree = SDKROOT; };
		3CC05A1A1ACCB13300168941 /* ParseCrashReporting.framework */ = {isa = PBXFileReference; lastKnownFileType = wrapper.framework; path = ParseCrashReporting.framework; sourceTree = "<group>"; };
		3CC05A1C1ACCB13B00168941 /* ParseUI.framework */ = {isa = PBXFileReference; lastKnownFileType = wrapper.framework; path = ParseUI.framework; sourceTree = "<group>"; };
		3CC05A1F1ACCB58800168941 /* ParseFacebookUtilsV4.framework */ = {isa = PBXFileReference; lastKnownFileType = wrapper.framework; name = ParseFacebookUtilsV4.framework; path = "../../../Downloads/parse-library-1.7.0/ParseFacebookUtilsV4.framework"; sourceTree = "<group>"; };
		3CC05A211ACCB5A100168941 /* ParseFacebookUtils.framework */ = {isa = PBXFileReference; lastKnownFileType = wrapper.framework; path = ParseFacebookUtils.framework; sourceTree = "<group>"; };
		3CC05A231ACCB67000168941 /* Frii-Bridging-Header.h */ = {isa = PBXFileReference; lastKnownFileType = sourcecode.c.h; path = "Frii-Bridging-Header.h"; sourceTree = "<group>"; };
/* End PBXFileReference section */

/* Begin PBXFrameworksBuildPhase section */
		3CC059D51ACC70E400168941 /* Frameworks */ = {
			isa = PBXFrameworksBuildPhase;
			buildActionMask = 2147483647;
			files = (
				3CC05A191ACCAEE400168941 /* libsqlite3.dylib in Frameworks */,
				3CC05A171ACCAECC00168941 /* libz.dylib in Frameworks */,
				3CC05A151ACCAEC500168941 /* SystemConfiguration.framework in Frameworks */,
				3CC05A131ACCAEBE00168941 /* StoreKit.framework in Frameworks */,
				3CC05A111ACCAEB500168941 /* Security.framework in Frameworks */,
				3CC05A221ACCB5A100168941 /* ParseFacebookUtils.framework in Frameworks */,
				3CC05A1B1ACCB13300168941 /* ParseCrashReporting.framework in Frameworks */,
				3CC05A0F1ACCAEA800168941 /* QuartzCore.framework in Frameworks */,
				3CC05A0D1ACCAE9C00168941 /* MobileCoreServices.framework in Frameworks */,
				3CC05A0B1ACCAE8D00168941 /* CoreLocation.framework in Frameworks */,
				3CC05A091ACCAE8600168941 /* CoreGraphics.framework in Frameworks */,
				3CC05A201ACCB58800168941 /* ParseFacebookUtilsV4.framework in Frameworks */,
				3CC05A071ACCAE7E00168941 /* CFNetwork.framework in Frameworks */,
				3CC05A051ACCAE7400168941 /* AudioToolbox.framework in Frameworks */,
				3CC05A1D1ACCB13B00168941 /* ParseUI.framework in Frameworks */,
				3CC05A031ACCAE4A00168941 /* Parse.framework in Frameworks */,
				3CC05A001ACCAE2800168941 /* Bolts.framework in Frameworks */,
			);
			runOnlyForDeploymentPostprocessing = 0;
		};
		3CC059EC1ACC70E400168941 /* Frameworks */ = {
			isa = PBXFrameworksBuildPhase;
			buildActionMask = 2147483647;
			files = (
			);
			runOnlyForDeploymentPostprocessing = 0;
		};
/* End PBXFrameworksBuildPhase section */

/* Begin PBXGroup section */
		3C55ADA81AD8C2CA00029A09 /* CVCalendar */ = {
			isa = PBXGroup;
			children = (
				3C55ADA91AD8C2CA00029A09 /* CVCalendarContentDelegate.swift */,
				3C55ADAA1AD8C2CA00029A09 /* CVCalendarContentViewController.swift */,
				3C55ADAB1AD8C2CA00029A09 /* CVCalendarDayView.swift */,
				3C55ADAC1AD8C2CA00029A09 /* CVCalendarDayViewControlCoordinator.swift */,
				3C55ADAD1AD8C2CA00029A09 /* CVCalendarManager.swift */,
				3C55ADAE1AD8C2CA00029A09 /* CVCalendarMenuView.swift */,
				3C55ADAF1AD8C2CA00029A09 /* CVCalendarMonthContentView.swift */,
				3C55ADB01AD8C2CA00029A09 /* CVCalendarMonthView.swift */,
				3C55ADB11AD8C2CA00029A09 /* CVCalendarRenderer.swift */,
				3C55ADB21AD8C2CA00029A09 /* CVCalendarView.swift */,
				3C55ADB31AD8C2CA00029A09 /* CVCalendarViewAnimator.swift */,
				3C55ADB41AD8C2CA00029A09 /* CVCalendarViewAnimatorDelegate.swift */,
				3C55ADB51AD8C2CA00029A09 /* CVCalendarViewAppearance.swift */,
				3C55ADB61AD8C2CA00029A09 /* CVCalendarViewAppearanceDelegate.swift */,
				3C55ADB71AD8C2CA00029A09 /* CVCalendarViewDelegate.swift */,
				3C55ADB81AD8C2CA00029A09 /* CVCalendarWeekContentRecovery.swift */,
				3C55ADB91AD8C2CA00029A09 /* CVCalendarWeekContentView.swift */,
				3C55ADBA1AD8C2CA00029A09 /* CVCalendarWeekView.swift */,
				3C55ADBB1AD8C2CA00029A09 /* CVCircleView.swift */,
				3C55ADBC1AD8C2CA00029A09 /* CVDate.swift */,
			);
			path = CVCalendar;
			sourceTree = "<group>";
		};
		3CC059CF1ACC70E300168941 = {
			isa = PBXGroup;
			children = (
				3C55ADA81AD8C2CA00029A09 /* CVCalendar */,
				3CC05A011ACCAE3900168941 /* Frameworks */,
				3CC059DA1ACC70E400168941 /* Frii */,
				3CC059F21ACC70E400168941 /* FriiTests */,
				3CC059D91ACC70E400168941 /* Products */,
				3CC05A231ACCB67000168941 /* Frii-Bridging-Header.h */,
			);
			sourceTree = "<group>";
		};
		3CC059D91ACC70E400168941 /* Products */ = {
			isa = PBXGroup;
			children = (
				3CC059D81ACC70E400168941 /* Frii.app */,
				3CC059EF1ACC70E400168941 /* FriiTests.xctest */,
			);
			name = Products;
			sourceTree = "<group>";
		};
		3CC059DA1ACC70E400168941 /* Frii */ = {
			isa = PBXGroup;
			children = (
				3CC059DD1ACC70E400168941 /* AppDelegate.swift */,
				3CC059DF1ACC70E400168941 /* FirstViewController.swift */,
				3CC059E11ACC70E400168941 /* SecondViewController.swift */,
				3CC059E31ACC70E400168941 /* Main.storyboard */,
				3C55ADD11AD8C84200029A09 /* StartDateViewController.swift */,
				3C55ADA61AD7883500029A09 /* CreateViewController.swift */,
				3CC059E61ACC70E400168941 /* Images.xcassets */,
				3CC059E81ACC70E400168941 /* LaunchScreen.xib */,
				3CC059DB1ACC70E400168941 /* Supporting Files */,
			);
			path = Frii;
			sourceTree = "<group>";
		};
		3CC059DB1ACC70E400168941 /* Supporting Files */ = {
			isa = PBXGroup;
			children = (
				3CC059DC1ACC70E400168941 /* Info.plist */,
			);
			name = "Supporting Files";
			sourceTree = "<group>";
		};
		3CC059F21ACC70E400168941 /* FriiTests */ = {
			isa = PBXGroup;
			children = (
				3CC059F51ACC70E400168941 /* FriiTests.swift */,
				3CC059F31ACC70E400168941 /* Supporting Files */,
			);
			path = FriiTests;
			sourceTree = "<group>";
		};
		3CC059F31ACC70E400168941 /* Supporting Files */ = {
			isa = PBXGroup;
			children = (
				3CC059F41ACC70E400168941 /* Info.plist */,
			);
			name = "Supporting Files";
			sourceTree = "<group>";
		};
		3CC05A011ACCAE3900168941 /* Frameworks */ = {
			isa = PBXGroup;
			children = (
				3CC05A211ACCB5A100168941 /* ParseFacebookUtils.framework */,
				3CC05A1F1ACCB58800168941 /* ParseFacebookUtilsV4.framework */,
				3CC05A1C1ACCB13B00168941 /* ParseUI.framework */,
				3CC05A1A1ACCB13300168941 /* ParseCrashReporting.framework */,
				3CC05A181ACCAEE400168941 /* libsqlite3.dylib */,
				3CC05A161ACCAECC00168941 /* libz.dylib */,
				3CC05A141ACCAEC500168941 /* SystemConfiguration.framework */,
				3CC05A121ACCAEBE00168941 /* StoreKit.framework */,
				3CC05A101ACCAEB500168941 /* Security.framework */,
				3CC05A0E1ACCAEA800168941 /* QuartzCore.framework */,
				3CC05A0C1ACCAE9C00168941 /* MobileCoreServices.framework */,
				3CC05A0A1ACCAE8D00168941 /* CoreLocation.framework */,
				3CC05A081ACCAE8600168941 /* CoreGraphics.framework */,
				3CC05A061ACCAE7E00168941 /* CFNetwork.framework */,
				3CC05A041ACCAE7400168941 /* AudioToolbox.framework */,
				3CC05A021ACCAE4A00168941 /* Parse.framework */,
				3CC059FF1ACCAE2800168941 /* Bolts.framework */,
			);
			name = Frameworks;
			sourceTree = "<group>";
		};
/* End PBXGroup section */

/* Begin PBXNativeTarget section */
		3CC059D71ACC70E400168941 /* Frii */ = {
			isa = PBXNativeTarget;
			buildConfigurationList = 3CC059F91ACC70E400168941 /* Build configuration list for PBXNativeTarget "Frii" */;
			buildPhases = (
				3CC059D41ACC70E400168941 /* Sources */,
				3CC059D51ACC70E400168941 /* Frameworks */,
				3CC059D61ACC70E400168941 /* Resources */,
			);
			buildRules = (
			);
			dependencies = (
			);
			name = Frii;
			productName = Frii;
			productReference = 3CC059D81ACC70E400168941 /* Frii.app */;
			productType = "com.apple.product-type.application";
		};
		3CC059EE1ACC70E400168941 /* FriiTests */ = {
			isa = PBXNativeTarget;
			buildConfigurationList = 3CC059FC1ACC70E400168941 /* Build configuration list for PBXNativeTarget "FriiTests" */;
			buildPhases = (
				3CC059EB1ACC70E400168941 /* Sources */,
				3CC059EC1ACC70E400168941 /* Frameworks */,
				3CC059ED1ACC70E400168941 /* Resources */,
			);
			buildRules = (
			);
			dependencies = (
				3CC059F11ACC70E400168941 /* PBXTargetDependency */,
			);
			name = FriiTests;
			productName = FriiTests;
			productReference = 3CC059EF1ACC70E400168941 /* FriiTests.xctest */;
			productType = "com.apple.product-type.bundle.unit-test";
		};
/* End PBXNativeTarget section */

/* Begin PBXProject section */
		3CC059D01ACC70E300168941 /* Project object */ = {
			isa = PBXProject;
			attributes = {
				LastUpgradeCheck = 0620;
				ORGANIZATIONNAME = "Frii, Inc.";
				TargetAttributes = {
					3CC059D71ACC70E400168941 = {
						CreatedOnToolsVersion = 6.2;
					};
					3CC059EE1ACC70E400168941 = {
						CreatedOnToolsVersion = 6.2;
						TestTargetID = 3CC059D71ACC70E400168941;
					};
				};
			};
			buildConfigurationList = 3CC059D31ACC70E300168941 /* Build configuration list for PBXProject "Frii" */;
			compatibilityVersion = "Xcode 3.2";
			developmentRegion = English;
			hasScannedForEncodings = 0;
			knownRegions = (
				en,
				Base,
			);
			mainGroup = 3CC059CF1ACC70E300168941;
			productRefGroup = 3CC059D91ACC70E400168941 /* Products */;
			projectDirPath = "";
			projectRoot = "";
			targets = (
				3CC059D71ACC70E400168941 /* Frii */,
				3CC059EE1ACC70E400168941 /* FriiTests */,
			);
		};
/* End PBXProject section */

/* Begin PBXResourcesBuildPhase section */
		3CC059D61ACC70E400168941 /* Resources */ = {
			isa = PBXResourcesBuildPhase;
			buildActionMask = 2147483647;
			files = (
				3CC059E51ACC70E400168941 /* Main.storyboard in Resources */,
				3CC059EA1ACC70E400168941 /* LaunchScreen.xib in Resources */,
				3CC059E71ACC70E400168941 /* Images.xcassets in Resources */,
			);
			runOnlyForDeploymentPostprocessing = 0;
		};
		3CC059ED1ACC70E400168941 /* Resources */ = {
			isa = PBXResourcesBuildPhase;
			buildActionMask = 2147483647;
			files = (
			);
			runOnlyForDeploymentPostprocessing = 0;
		};
/* End PBXResourcesBuildPhase section */

/* Begin PBXSourcesBuildPhase section */
		3CC059D41ACC70E400168941 /* Sources */ = {
			isa = PBXSourcesBuildPhase;
			buildActionMask = 2147483647;
			files = (
				3C55ADD01AD8C2CA00029A09 /* CVDate.swift in Sources */,
				3CC059E21ACC70E400168941 /* SecondViewController.swift in Sources */,
				3C55ADBF1AD8C2CA00029A09 /* CVCalendarDayView.swift in Sources */,
				3CC059DE1ACC70E400168941 /* AppDelegate.swift in Sources */,
				3C55ADA71AD7883500029A09 /* CreateViewController.swift in Sources */,
				3C55ADC41AD8C2CA00029A09 /* CVCalendarMonthView.swift in Sources */,
				3C55ADC31AD8C2CA00029A09 /* CVCalendarMonthContentView.swift in Sources */,
				3CC059E01ACC70E400168941 /* FirstViewController.swift in Sources */,
				3C55ADC91AD8C2CA00029A09 /* CVCalendarViewAppearance.swift in Sources */,
				3C55ADC71AD8C2CA00029A09 /* CVCalendarViewAnimator.swift in Sources */,
				3C55ADCB1AD8C2CA00029A09 /* CVCalendarViewDelegate.swift in Sources */,
				3C55ADCA1AD8C2CA00029A09 /* CVCalendarViewAppearanceDelegate.swift in Sources */,
				3C55ADC81AD8C2CA00029A09 /* CVCalendarViewAnimatorDelegate.swift in Sources */,
				3C55ADCE1AD8C2CA00029A09 /* CVCalendarWeekView.swift in Sources */,
				3C55ADC51AD8C2CA00029A09 /* CVCalendarRenderer.swift in Sources */,
				3C55ADC11AD8C2CA00029A09 /* CVCalendarManager.swift in Sources */,
				3C55ADCC1AD8C2CA00029A09 /* CVCalendarWeekContentRecovery.swift in Sources */,
				3C55ADBE1AD8C2CA00029A09 /* CVCalendarContentViewController.swift in Sources */,
				3C55ADBD1AD8C2CA00029A09 /* CVCalendarContentDelegate.swift in Sources */,
				3C55ADCF1AD8C2CA00029A09 /* CVCircleView.swift in Sources */,
				3C55ADCD1AD8C2CA00029A09 /* CVCalendarWeekContentView.swift in Sources */,
				3C55ADC61AD8C2CA00029A09 /* CVCalendarView.swift in Sources */,
				3C55ADC21AD8C2CA00029A09 /* CVCalendarMenuView.swift in Sources */,
				3C55ADD21AD8C84200029A09 /* StartDateViewController.swift in Sources */,
				3C55ADC01AD8C2CA00029A09 /* CVCalendarDayViewControlCoordinator.swift in Sources */,
			);
			runOnlyForDeploymentPostprocessing = 0;
		};
		3CC059EB1ACC70E400168941 /* Sources */ = {
			isa = PBXSourcesBuildPhase;
			buildActionMask = 2147483647;
			files = (
				3CC059F61ACC70E400168941 /* FriiTests.swift in Sources */,
			);
			runOnlyForDeploymentPostprocessing = 0;
		};
/* End PBXSourcesBuildPhase section */

/* Begin PBXTargetDependency section */
		3CC059F11ACC70E400168941 /* PBXTargetDependency */ = {
			isa = PBXTargetDependency;
			target = 3CC059D71ACC70E400168941 /* Frii */;
			targetProxy = 3CC059F01ACC70E400168941 /* PBXContainerItemProxy */;
		};
/* End PBXTargetDependency section */

/* Begin PBXVariantGroup section */
		3CC059E31ACC70E400168941 /* Main.storyboard */ = {
			isa = PBXVariantGroup;
			children = (
				3CC059E41ACC70E400168941 /* Base */,
			);
			name = Main.storyboard;
			sourceTree = "<group>";
		};
		3CC059E81ACC70E400168941 /* LaunchScreen.xib */ = {
			isa = PBXVariantGroup;
			children = (
				3CC059E91ACC70E400168941 /* Base */,
			);
			name = LaunchScreen.xib;
			sourceTree = "<group>";
		};
/* End PBXVariantGroup section */

/* Begin XCBuildConfiguration section */
		3CC059F71ACC70E400168941 /* Debug */ = {
			isa = XCBuildConfiguration;
			buildSettings = {
				ALWAYS_SEARCH_USER_PATHS = NO;
				CLANG_CXX_LANGUAGE_STANDARD = "gnu++0x";
				CLANG_CXX_LIBRARY = "libc++";
				CLANG_ENABLE_MODULES = YES;
				CLANG_ENABLE_OBJC_ARC = YES;
				CLANG_WARN_BOOL_CONVERSION = YES;
				CLANG_WARN_CONSTANT_CONVERSION = YES;
				CLANG_WARN_DIRECT_OBJC_ISA_USAGE = YES_ERROR;
				CLANG_WARN_EMPTY_BODY = YES;
				CLANG_WARN_ENUM_CONVERSION = YES;
				CLANG_WARN_INT_CONVERSION = YES;
				CLANG_WARN_OBJC_ROOT_CLASS = YES_ERROR;
				CLANG_WARN_UNREACHABLE_CODE = YES;
				CLANG_WARN__DUPLICATE_METHOD_MATCH = YES;
				"CODE_SIGN_IDENTITY[sdk=iphoneos*]" = "iPhone Developer";
				COPY_PHASE_STRIP = NO;
				ENABLE_STRICT_OBJC_MSGSEND = YES;
				GCC_C_LANGUAGE_STANDARD = gnu99;
				GCC_DYNAMIC_NO_PIC = NO;
				GCC_OPTIMIZATION_LEVEL = 0;
				GCC_PREPROCESSOR_DEFINITIONS = (
					"DEBUG=1",
					"$(inherited)",
				);
				GCC_SYMBOLS_PRIVATE_EXTERN = NO;
				GCC_WARN_64_TO_32_BIT_CONVERSION = YES;
				GCC_WARN_ABOUT_RETURN_TYPE = YES_ERROR;
				GCC_WARN_UNDECLARED_SELECTOR = YES;
				GCC_WARN_UNINITIALIZED_AUTOS = YES_AGGRESSIVE;
				GCC_WARN_UNUSED_FUNCTION = YES;
				GCC_WARN_UNUSED_VARIABLE = YES;
				IPHONEOS_DEPLOYMENT_TARGET = 8.2;
				MTL_ENABLE_DEBUG_INFO = YES;
				ONLY_ACTIVE_ARCH = YES;
				SDKROOT = iphoneos;
				SWIFT_OPTIMIZATION_LEVEL = "-Onone";
				TARGETED_DEVICE_FAMILY = "1,2";
			};
			name = Debug;
		};
		3CC059F81ACC70E400168941 /* Release */ = {
			isa = XCBuildConfiguration;
			buildSettings = {
				ALWAYS_SEARCH_USER_PATHS = NO;
				CLANG_CXX_LANGUAGE_STANDARD = "gnu++0x";
				CLANG_CXX_LIBRARY = "libc++";
				CLANG_ENABLE_MODULES = YES;
				CLANG_ENABLE_OBJC_ARC = YES;
				CLANG_WARN_BOOL_CONVERSION = YES;
				CLANG_WARN_CONSTANT_CONVERSION = YES;
				CLANG_WARN_DIRECT_OBJC_ISA_USAGE = YES_ERROR;
				CLANG_WARN_EMPTY_BODY = YES;
				CLANG_WARN_ENUM_CONVERSION = YES;
				CLANG_WARN_INT_CONVERSION = YES;
				CLANG_WARN_OBJC_ROOT_CLASS = YES_ERROR;
				CLANG_WARN_UNREACHABLE_CODE = YES;
				CLANG_WARN__DUPLICATE_METHOD_MATCH = YES;
				"CODE_SIGN_IDENTITY[sdk=iphoneos*]" = "iPhone Developer";
				COPY_PHASE_STRIP = NO;
				ENABLE_NS_ASSERTIONS = NO;
				ENABLE_STRICT_OBJC_MSGSEND = YES;
				GCC_C_LANGUAGE_STANDARD = gnu99;
				GCC_WARN_64_TO_32_BIT_CONVERSION = YES;
				GCC_WARN_ABOUT_RETURN_TYPE = YES_ERROR;
				GCC_WARN_UNDECLARED_SELECTOR = YES;
				GCC_WARN_UNINITIALIZED_AUTOS = YES_AGGRESSIVE;
				GCC_WARN_UNUSED_FUNCTION = YES;
				GCC_WARN_UNUSED_VARIABLE = YES;
				IPHONEOS_DEPLOYMENT_TARGET = 8.2;
				MTL_ENABLE_DEBUG_INFO = NO;
				SDKROOT = iphoneos;
				TARGETED_DEVICE_FAMILY = "1,2";
				VALIDATE_PRODUCT = YES;
			};
			name = Release;
		};
		3CC059FA1ACC70E400168941 /* Debug */ = {
			isa = XCBuildConfiguration;
			buildSettings = {
				ASSETCATALOG_COMPILER_APPICON_NAME = AppIcon;
				CLANG_ENABLE_MODULES = YES;
				FRAMEWORK_SEARCH_PATHS = (
					"$(inherited)",
					"$(PROJECT_DIR)",
					"/Users/manosaie/Downloads/parse-library-1.7.0",
				);
				INFOPLIST_FILE = Frii/Info.plist;
				LD_RUNPATH_SEARCH_PATHS = "$(inherited) @executable_path/Frameworks";
				PRODUCT_NAME = "$(TARGET_NAME)";
				SWIFT_OBJC_BRIDGING_HEADER = "Frii-Bridging-Header.h";
				SWIFT_OPTIMIZATION_LEVEL = "-Onone";
			};
			name = Debug;
		};
		3CC059FB1ACC70E400168941 /* Release */ = {
			isa = XCBuildConfiguration;
			buildSettings = {
				ASSETCATALOG_COMPILER_APPICON_NAME = AppIcon;
				CLANG_ENABLE_MODULES = YES;
				FRAMEWORK_SEARCH_PATHS = (
					"$(inherited)",
					"$(PROJECT_DIR)",
					"/Users/manosaie/Downloads/parse-library-1.7.0",
				);
				INFOPLIST_FILE = Frii/Info.plist;
				LD_RUNPATH_SEARCH_PATHS = "$(inherited) @executable_path/Frameworks";
				PRODUCT_NAME = "$(TARGET_NAME)";
				SWIFT_OBJC_BRIDGING_HEADER = "Frii-Bridging-Header.h";
			};
			name = Release;
		};
		3CC059FD1ACC70E400168941 /* Debug */ = {
			isa = XCBuildConfiguration;
			buildSettings = {
				BUNDLE_LOADER = "$(TEST_HOST)";
				FRAMEWORK_SEARCH_PATHS = (
					"$(SDKROOT)/Developer/Library/Frameworks",
					"$(inherited)",
				);
				GCC_PREPROCESSOR_DEFINITIONS = (
					"DEBUG=1",
					"$(inherited)",
				);
				INFOPLIST_FILE = FriiTests/Info.plist;
				LD_RUNPATH_SEARCH_PATHS = "$(inherited) @executable_path/Frameworks @loader_path/Frameworks";
				PRODUCT_NAME = "$(TARGET_NAME)";
				TEST_HOST = "$(BUILT_PRODUCTS_DIR)/Frii.app/Frii";
			};
			name = Debug;
		};
		3CC059FE1ACC70E400168941 /* Release */ = {
			isa = XCBuildConfiguration;
			buildSettings = {
				BUNDLE_LOADER = "$(TEST_HOST)";
				FRAMEWORK_SEARCH_PATHS = (
					"$(SDKROOT)/Developer/Library/Frameworks",
					"$(inherited)",
				);
				INFOPLIST_FILE = FriiTests/Info.plist;
				LD_RUNPATH_SEARCH_PATHS = "$(inherited) @executable_path/Frameworks @loader_path/Frameworks";
				PRODUCT_NAME = "$(TARGET_NAME)";
				TEST_HOST = "$(BUILT_PRODUCTS_DIR)/Frii.app/Frii";
			};
			name = Release;
		};
/* End XCBuildConfiguration section */

/* Begin XCConfigurationList section */
		3CC059D31ACC70E300168941 /* Build configuration list for PBXProject "Frii" */ = {
			isa = XCConfigurationList;
			buildConfigurations = (
				3CC059F71ACC70E400168941 /* Debug */,
				3CC059F81ACC70E400168941 /* Release */,
			);
			defaultConfigurationIsVisible = 0;
			defaultConfigurationName = Release;
		};
		3CC059F91ACC70E400168941 /* Build configuration list for PBXNativeTarget "Frii" */ = {
			isa = XCConfigurationList;
			buildConfigurations = (
				3CC059FA1ACC70E400168941 /* Debug */,
				3CC059FB1ACC70E400168941 /* Release */,
			);
			defaultConfigurationIsVisible = 0;
			defaultConfigurationName = Release;
		};
		3CC059FC1ACC70E400168941 /* Build configuration list for PBXNativeTarget "FriiTests" */ = {
			isa = XCConfigurationList;
			buildConfigurations = (
				3CC059FD1ACC70E400168941 /* Debug */,
				3CC059FE1ACC70E400168941 /* Release */,
			);
			defaultConfigurationIsVisible = 0;
			defaultConfigurationName = Release;
		};
/* End XCConfigurationList section */
	};
	rootObject = 3CC059D01ACC70E300168941 /* Project object */;
}
